PODS:
  - ReactiveCocoa (4.2.2):
    - Result (~> 2.0)
  - Result (2.1.3)

DEPENDENCIES:
  - ReactiveCocoa

SPEC CHECKSUMS:
  ReactiveCocoa: 72263e7ac0770c274617ccd345e01049d0ca38ae
  Result: 18e1a7597fbcca5923c565b40a25a98afafdee02

PODFILE CHECKSUM: 59ac14fd22b195e0b11b773f2978f08dcaf31ce0

COCOAPODS: 1.0.1
