// !$*UTF8*$!
{
	archiveVersion = 1;
	classes = {
	};
	objectVersion = 46;
	objects = {

/* Begin PBXBuildFile section */
		841149DB1D83EC5400F9DEF6 /* RACSubjectViewController.m in Sources */ = {isa = PBXBuildFile; fileRef = 841149DA1D83EC5400F9DEF6 /* RACSubjectViewController.m */; };
		841149DE1D83EC6400F9DEF6 /* RACReplaySubjectViewController.m in Sources */ = {isa = PBXBuildFile; fileRef = 841149DD1D83EC6400F9DEF6 /* RACReplaySubjectViewController.m */; };
		841149E11D83EC6F00F9DEF6 /* RACSubjectDelegateViewController.m in Sources */ = {isa = PBXBuildFile; fileRef = 841149E01D83EC6F00F9DEF6 /* RACSubjectDelegateViewController.m */; };
		841149E71D83ED5700F9DEF6 /* SubjectPersonModel.m in Sources */ = {isa = PBXBuildFile; fileRef = 841149E61D83ED5700F9DEF6 /* SubjectPersonModel.m */; };
		841149EA1D83ED8800F9DEF6 /* SubjectPersonViewModel.m in Sources */ = {isa = PBXBuildFile; fileRef = 841149E91D83ED8800F9DEF6 /* SubjectPersonViewModel.m */; };
		841149ED1D83EF5200F9DEF6 /* ReplaySubjectAppleModel.m in Sources */ = {isa = PBXBuildFile; fileRef = 841149EC1D83EF5200F9DEF6 /* ReplaySubjectAppleModel.m */; };
		841149F01D83EF5E00F9DEF6 /* ReplaySubjectAppleViewModel.m in Sources */ = {isa = PBXBuildFile; fileRef = 841149EF1D83EF5E00F9DEF6 /* ReplaySubjectAppleViewModel.m */; };
		841149F31D83F0CA00F9DEF6 /* RACSubjectDelegateNextViewController.m in Sources */ = {isa = PBXBuildFile; fileRef = 841149F21D83F0CA00F9DEF6 /* RACSubjectDelegateNextViewController.m */; };
		84429E961D81380500989C76 /* main.m in Sources */ = {isa = PBXBuildFile; fileRef = 84429E951D81380500989C76 /* main.m */; };
		84429E991D81380500989C76 /* AppDelegate.m in Sources */ = {isa = PBXBuildFile; fileRef = 84429E981D81380500989C76 /* AppDelegate.m */; };
		84429E9C1D81380500989C76 /* ViewController.m in Sources */ = {isa = PBXBuildFile; fileRef = 84429E9B1D81380500989C76 /* ViewController.m */; };
		84429E9F1D81380500989C76 /* Main.storyboard in Resources */ = {isa = PBXBuildFile; fileRef = 84429E9D1D81380500989C76 /* Main.storyboard */; };
		84429EA11D81380500989C76 /* Assets.xcassets in Resources */ = {isa = PBXBuildFile; fileRef = 84429EA01D81380500989C76 /* Assets.xcassets */; };
		84429EA41D81380500989C76 /* LaunchScreen.storyboard in Resources */ = {isa = PBXBuildFile; fileRef = 84429EA21D81380500989C76 /* LaunchScreen.storyboard */; };
		84429EAF1D81380500989C76 /* ReactNativeTests.m in Sources */ = {isa = PBXBuildFile; fileRef = 84429EAE1D81380500989C76 /* ReactNativeTests.m */; };
		84429EBA1D81380500989C76 /* ReactNativeUITests.m in Sources */ = {isa = PBXBuildFile; fileRef = 84429EB91D81380500989C76 /* ReactNativeUITests.m */; };
		84429ECB1D813DE100989C76 /* BaseViewController.m in Sources */ = {isa = PBXBuildFile; fileRef = 84429ECA1D813DE100989C76 /* BaseViewController.m */; };
		FADAE03221E5C14720DBAC8B /* Pods_ReactNative.framework in Frameworks */ = {isa = PBXBuildFile; fileRef = 6002619F05C9740EA84A6F7E /* Pods_ReactNative.framework */; };
/* End PBXBuildFile section */

/* Begin PBXContainerItemProxy section */
		84429EAB1D81380500989C76 /* PBXContainerItemProxy */ = {
			isa = PBXContainerItemProxy;
			containerPortal = 84429E891D81380500989C76 /* Project object */;
			proxyType = 1;
			remoteGlobalIDString = 84429E901D81380500989C76;
			remoteInfo = ReactNative;
		};
		84429EB61D81380500989C76 /* PBXContainerItemProxy */ = {
			isa = PBXContainerItemProxy;
			containerPortal = 84429E891D81380500989C76 /* Project object */;
			proxyType = 1;
			remoteGlobalIDString = 84429E901D81380500989C76;
			remoteInfo = ReactNative;
		};
/* End PBXContainerItemProxy section */

/* Begin PBXFileReference section */
		6002619F05C9740EA84A6F7E /* Pods_ReactNative.framework */ = {isa = PBXFileReference; explicitFileType = wrapper.framework; includeInIndex = 0; path = Pods_ReactNative.framework; sourceTree = BUILT_PRODUCTS_DIR; };
		67D3AC2BF68C630FBA8559DE /* Pods-ReactNative.release.xcconfig */ = {isa = PBXFileReference; includeInIndex = 1; lastKnownFileType = text.xcconfig; name = "Pods-ReactNative.release.xcconfig"; path = "Pods/Target Support Files/Pods-ReactNative/Pods-ReactNative.release.xcconfig"; sourceTree = "<group>"; };
		841149D91D83EC5400F9DEF6 /* RACSubjectViewController.h */ = {isa = PBXFileReference; fileEncoding = 4; lastKnownFileType = sourcecode.c.h; path = RACSubjectViewController.h; sourceTree = "<group>"; };
		841149DA1D83EC5400F9DEF6 /* RACSubjectViewController.m */ = {isa = PBXFileReference; fileEncoding = 4; lastKnownFileType = sourcecode.c.objc; path = RACSubjectViewController.m; sourceTree = "<group>"; };
		841149DC1D83EC6400F9DEF6 /* RACReplaySubjectViewController.h */ = {isa = PBXFileReference; fileEncoding = 4; lastKnownFileType = sourcecode.c.h; path = RACReplaySubjectViewController.h; sourceTree = "<group>"; };
		841149DD1D83EC6400F9DEF6 /* RACReplaySubjectViewController.m */ = {isa = PBXFileReference; fileEncoding = 4; lastKnownFileType = sourcecode.c.objc; path = RACReplaySubjectViewController.m; sourceTree = "<group>"; };
		841149DF1D83EC6F00F9DEF6 /* RACSubjectDelegateViewController.h */ = {isa = PBXFileReference; fileEncoding = 4; lastKnownFileType = sourcecode.c.h; path = RACSubjectDelegateViewController.h; sourceTree = "<group>"; };
		841149E01D83EC6F00F9DEF6 /* RACSubjectDelegateViewController.m */ = {isa = PBXFileReference; fileEncoding = 4; lastKnownFileType = sourcecode.c.objc; path = RACSubjectDelegateViewController.m; sourceTree = "<group>"; };
		841149E51D83ED5700F9DEF6 /* SubjectPersonModel.h */ = {isa = PBXFileReference; fileEncoding = 4; lastKnownFileType = sourcecode.c.h; path = SubjectPersonModel.h; sourceTree = "<group>"; };
		841149E61D83ED5700F9DEF6 /* SubjectPersonModel.m */ = {isa = PBXFileReference; fileEncoding = 4; lastKnownFileType = sourcecode.c.objc; path = SubjectPersonModel.m; sourceTree = "<group>"; };
		841149E81D83ED8800F9DEF6 /* SubjectPersonViewModel.h */ = {isa = PBXFileReference; fileEncoding = 4; lastKnownFileType = sourcecode.c.h; path = SubjectPersonViewModel.h; sourceTree = "<group>"; };
		841149E91D83ED8800F9DEF6 /* SubjectPersonViewModel.m */ = {isa = PBXFileReference; fileEncoding = 4; lastKnownFileType = sourcecode.c.objc; path = SubjectPersonViewModel.m; sourceTree = "<group>"; };
		841149EB1D83EF5200F9DEF6 /* ReplaySubjectAppleModel.h */ = {isa = PBXFileReference; fileEncoding = 4; lastKnownFileType = sourcecode.c.h; path = ReplaySubjectAppleModel.h; sourceTree = "<group>"; };
		841149EC1D83EF5200F9DEF6 /* ReplaySubjectAppleModel.m */ = {isa = PBXFileReference; fileEncoding = 4; lastKnownFileType = sourcecode.c.objc; path = ReplaySubjectAppleModel.m; sourceTree = "<group>"; };
		841149EE1D83EF5E00F9DEF6 /* ReplaySubjectAppleViewModel.h */ = {isa = PBXFileReference; fileEncoding = 4; lastKnownFileType = sourcecode.c.h; path = ReplaySubjectAppleViewModel.h; sourceTree = "<group>"; };
		841149EF1D83EF5E00F9DEF6 /* ReplaySubjectAppleViewModel.m */ = {isa = PBXFileReference; fileEncoding = 4; lastKnownFileType = sourcecode.c.objc; path = ReplaySubjectAppleViewModel.m; sourceTree = "<group>"; };
		841149F11D83F0CA00F9DEF6 /* RACSubjectDelegateNextViewController.h */ = {isa = PBXFileReference; fileEncoding = 4; lastKnownFileType = sourcecode.c.h; path = RACSubjectDelegateNextViewController.h; sourceTree = "<group>"; };
		841149F21D83F0CA00F9DEF6 /* RACSubjectDelegateNextViewController.m */ = {isa = PBXFileReference; fileEncoding = 4; lastKnownFileType = sourcecode.c.objc; path = RACSubjectDelegateNextViewController.m; sourceTree = "<group>"; };
		84429E911D81380500989C76 /* ReactNative.app */ = {isa = PBXFileReference; explicitFileType = wrapper.application; includeInIndex = 0; path = ReactNative.app; sourceTree = BUILT_PRODUCTS_DIR; };
		84429E951D81380500989C76 /* main.m */ = {isa = PBXFileReference; lastKnownFileType = sourcecode.c.objc; path = main.m; sourceTree = "<group>"; };
		84429E971D81380500989C76 /* AppDelegate.h */ = {isa = PBXFileReference; lastKnownFileType = sourcecode.c.h; path = AppDelegate.h; sourceTree = "<group>"; };
		84429E981D81380500989C76 /* AppDelegate.m */ = {isa = PBXFileReference; lastKnownFileType = sourcecode.c.objc; path = AppDelegate.m; sourceTree = "<group>"; };
		84429E9A1D81380500989C76 /* ViewController.h */ = {isa = PBXFileReference; lastKnownFileType = sourcecode.c.h; path = ViewController.h; sourceTree = "<group>"; };
		84429E9B1D81380500989C76 /* ViewController.m */ = {isa = PBXFileReference; lastKnownFileType = sourcecode.c.objc; path = ViewController.m; sourceTree = "<group>"; };
		84429E9E1D81380500989C76 /* Base */ = {isa = PBXFileReference; lastKnownFileType = file.storyboard; name = Base; path = Base.lproj/Main.storyboard; sourceTree = "<group>"; };
		84429EA01D81380500989C76 /* Assets.xcassets */ = {isa = PBXFileReference; lastKnownFileType = folder.assetcatalog; path = Assets.xcassets; sourceTree = "<group>"; };
		84429EA31D81380500989C76 /* Base */ = {isa = PBXFileReference; lastKnownFileType = file.storyboard; name = Base; path = Base.lproj/LaunchScreen.storyboard; sourceTree = "<group>"; };
		84429EA51D81380500989C76 /* Info.plist */ = {isa = PBXFileReference; lastKnownFileType = text.plist.xml; path = Info.plist; sourceTree = "<group>"; };
		84429EAA1D81380500989C76 /* ReactNativeTests.xctest */ = {isa = PBXFileReference; explicitFileType = wrapper.cfbundle; includeInIndex = 0; path = ReactNativeTests.xctest; sourceTree = BUILT_PRODUCTS_DIR; };
		84429EAE1D81380500989C76 /* ReactNativeTests.m */ = {isa = PBXFileReference; lastKnownFileType = sourcecode.c.objc; path = ReactNativeTests.m; sourceTree = "<group>"; };
		84429EB01D81380500989C76 /* Info.plist */ = {isa = PBXFileReference; lastKnownFileType = text.plist.xml; path = Info.plist; sourceTree = "<group>"; };
		84429EB51D81380500989C76 /* ReactNativeUITests.xctest */ = {isa = PBXFileReference; explicitFileType = wrapper.cfbundle; includeInIndex = 0; path = ReactNativeUITests.xctest; sourceTree = BUILT_PRODUCTS_DIR; };
		84429EB91D81380500989C76 /* ReactNativeUITests.m */ = {isa = PBXFileReference; lastKnownFileType = sourcecode.c.objc; path = ReactNativeUITests.m; sourceTree = "<group>"; };
		84429EBB1D81380500989C76 /* Info.plist */ = {isa = PBXFileReference; lastKnownFileType = text.plist.xml; path = Info.plist; sourceTree = "<group>"; };
		84429EC71D813CE700989C76 /* RNDefine.h */ = {isa = PBXFileReference; lastKnownFileType = sourcecode.c.h; path = RNDefine.h; sourceTree = "<group>"; };
		84429EC91D813DE100989C76 /* BaseViewController.h */ = {isa = PBXFileReference; fileEncoding = 4; lastKnownFileType = sourcecode.c.h; path = BaseViewController.h; sourceTree = "<group>"; };
		84429ECA1D813DE100989C76 /* BaseViewController.m */ = {isa = PBXFileReference; fileEncoding = 4; lastKnownFileType = sourcecode.c.objc; path = BaseViewController.m; sourceTree = "<group>"; };
		B6BD4FA775DA200D3352B960 /* Pods-ReactNative.debug.xcconfig */ = {isa = PBXFileReference; includeInIndex = 1; lastKnownFileType = text.xcconfig; name = "Pods-ReactNative.debug.xcconfig"; path = "Pods/Target Support Files/Pods-ReactNative/Pods-ReactNative.debug.xcconfig"; sourceTree = "<group>"; };
/* End PBXFileReference section */

/* Begin PBXFrameworksBuildPhase section */
		84429E8E1D81380500989C76 /* Frameworks */ = {
			isa = PBXFrameworksBuildPhase;
			buildActionMask = 2147483647;
			files = (
				FADAE03221E5C14720DBAC8B /* Pods_ReactNative.framework in Frameworks */,
			);
			runOnlyForDeploymentPostprocessing = 0;
		};
		84429EA71D81380500989C76 /* Frameworks */ = {
			isa = PBXFrameworksBuildPhase;
			buildActionMask = 2147483647;
			files = (
			);
			runOnlyForDeploymentPostprocessing = 0;
		};
		84429EB21D81380500989C76 /* Frameworks */ = {
			isa = PBXFrameworksBuildPhase;
			buildActionMask = 2147483647;
			files = (
			);
			runOnlyForDeploymentPostprocessing = 0;
		};
/* End PBXFrameworksBuildPhase section */

/* Begin PBXGroup section */
		578A87BF763A309E7021B41A /* Frameworks */ = {
			isa = PBXGroup;
			children = (
				6002619F05C9740EA84A6F7E /* Pods_ReactNative.framework */,
			);
			name = Frameworks;
			sourceTree = "<group>";
		};
		69E27CCECBBBE2DD3B97D9DE /* Pods */ = {
			isa = PBXGroup;
			children = (
				B6BD4FA775DA200D3352B960 /* Pods-ReactNative.debug.xcconfig */,
				67D3AC2BF68C630FBA8559DE /* Pods-ReactNative.release.xcconfig */,
			);
			name = Pods;
			sourceTree = "<group>";
		};
		841149E21D83ED0F00F9DEF6 /* Subject */ = {
			isa = PBXGroup;
			children = (
				841149E51D83ED5700F9DEF6 /* SubjectPersonModel.h */,
				841149E61D83ED5700F9DEF6 /* SubjectPersonModel.m */,
				841149E81D83ED8800F9DEF6 /* SubjectPersonViewModel.h */,
				841149E91D83ED8800F9DEF6 /* SubjectPersonViewModel.m */,
			);
			path = Subject;
			sourceTree = "<group>";
		};
		841149E31D83ED2200F9DEF6 /* ReplaySubject */ = {
			isa = PBXGroup;
			children = (
				841149EB1D83EF5200F9DEF6 /* ReplaySubjectAppleModel.h */,
				841149EC1D83EF5200F9DEF6 /* ReplaySubjectAppleModel.m */,
				841149EE1D83EF5E00F9DEF6 /* ReplaySubjectAppleViewModel.h */,
				841149EF1D83EF5E00F9DEF6 /* ReplaySubjectAppleViewModel.m */,
			);
			path = ReplaySubject;
			sourceTree = "<group>";
		};
		841149E41D83ED3100F9DEF6 /* SubjectDelegate */ = {
			isa = PBXGroup;
			children = (
				841149F11D83F0CA00F9DEF6 /* RACSubjectDelegateNextViewController.h */,
				841149F21D83F0CA00F9DEF6 /* RACSubjectDelegateNextViewController.m */,
			);
			path = SubjectDelegate;
			sourceTree = "<group>";
		};
		84429E881D81380500989C76 = {
			isa = PBXGroup;
			children = (
				84429E931D81380500989C76 /* ReactNative */,
				84429EAD1D81380500989C76 /* ReactNativeTests */,
				84429EB81D81380500989C76 /* ReactNativeUITests */,
				84429E921D81380500989C76 /* Products */,
				69E27CCECBBBE2DD3B97D9DE /* Pods */,
				578A87BF763A309E7021B41A /* Frameworks */,
			);
			sourceTree = "<group>";
		};
		84429E921D81380500989C76 /* Products */ = {
			isa = PBXGroup;
			children = (
				84429E911D81380500989C76 /* ReactNative.app */,
				84429EAA1D81380500989C76 /* ReactNativeTests.xctest */,
				84429EB51D81380500989C76 /* ReactNativeUITests.xctest */,
			);
			name = Products;
			sourceTree = "<group>";
		};
		84429E931D81380500989C76 /* ReactNative */ = {
			isa = PBXGroup;
			children = (
				84429E971D81380500989C76 /* AppDelegate.h */,
				84429E981D81380500989C76 /* AppDelegate.m */,
				84429E9A1D81380500989C76 /* ViewController.h */,
				84429E9B1D81380500989C76 /* ViewController.m */,
				84429EC91D813DE100989C76 /* BaseViewController.h */,
				84429ECA1D813DE100989C76 /* BaseViewController.m */,
				84429EC71D813CE700989C76 /* RNDefine.h */,
				84429EC81D813D9B00989C76 /* RAC */,
				84429E9D1D81380500989C76 /* Main.storyboard */,
				84429EA01D81380500989C76 /* Assets.xcassets */,
				84429EA21D81380500989C76 /* LaunchScreen.storyboard */,
				84429EA51D81380500989C76 /* Info.plist */,
				84429E941D81380500989C76 /* Supporting Files */,
			);
			path = ReactNative;
			sourceTree = "<group>";
		};
		84429E941D81380500989C76 /* Supporting Files */ = {
			isa = PBXGroup;
			children = (
				84429E951D81380500989C76 /* main.m */,
			);
			name = "Supporting Files";
			sourceTree = "<group>";
		};
		84429EAD1D81380500989C76 /* ReactNativeTests */ = {
			isa = PBXGroup;
			children = (
				84429EAE1D81380500989C76 /* ReactNativeTests.m */,
				84429EB01D81380500989C76 /* Info.plist */,
			);
			path = ReactNativeTests;
			sourceTree = "<group>";
		};
		84429EB81D81380500989C76 /* ReactNativeUITests */ = {
			isa = PBXGroup;
			children = (
				84429EB91D81380500989C76 /* ReactNativeUITests.m */,
				84429EBB1D81380500989C76 /* Info.plist */,
			);
			path = ReactNativeUITests;
			sourceTree = "<group>";
		};
		84429EC81D813D9B00989C76 /* RAC */ = {
			isa = PBXGroup;
			children = (
				841149D91D83EC5400F9DEF6 /* RACSubjectViewController.h */,
				841149DA1D83EC5400F9DEF6 /* RACSubjectViewController.m */,
				841149E21D83ED0F00F9DEF6 /* Subject */,
				841149DC1D83EC6400F9DEF6 /* RACReplaySubjectViewController.h */,
				841149DD1D83EC6400F9DEF6 /* RACReplaySubjectViewController.m */,
				841149E31D83ED2200F9DEF6 /* ReplaySubject */,
				841149DF1D83EC6F00F9DEF6 /* RACSubjectDelegateViewController.h */,
				841149E01D83EC6F00F9DEF6 /* RACSubjectDelegateViewController.m */,
				841149E41D83ED3100F9DEF6 /* SubjectDelegate */,
			);
			path = RAC;
			sourceTree = "<group>";
		};
/* End PBXGroup section */

/* Begin PBXNativeTarget section */
		84429E901D81380500989C76 /* ReactNative */ = {
			isa = PBXNativeTarget;
			buildConfigurationList = 84429EBE1D81380500989C76 /* Build configuration list for PBXNativeTarget "ReactNative" */;
			buildPhases = (
				5FFCA898863D09B7434BA9FD /* [CP] Check Pods Manifest.lock */,
				84429E8D1D81380500989C76 /* Sources */,
				84429E8E1D81380500989C76 /* Frameworks */,
				84429E8F1D81380500989C76 /* Resources */,
				46E31FE25BE2A603EA388E1E /* [CP] Embed Pods Frameworks */,
				869E8496C1082CCE37806362 /* [CP] Copy Pods Resources */,
			);
			buildRules = (
			);
			dependencies = (
			);
			name = ReactNative;
			productName = ReactNative;
			productReference = 84429E911D81380500989C76 /* ReactNative.app */;
			productType = "com.apple.product-type.application";
		};
		84429EA91D81380500989C76 /* ReactNativeTests */ = {
			isa = PBXNativeTarget;
			buildConfigurationList = 84429EC11D81380500989C76 /* Build configuration list for PBXNativeTarget "ReactNativeTests" */;
			buildPhases = (
				84429EA61D81380500989C76 /* Sources */,
				84429EA71D81380500989C76 /* Frameworks */,
				84429EA81D81380500989C76 /* Resources */,
			);
			buildRules = (
			);
			dependencies = (
				84429EAC1D81380500989C76 /* PBXTargetDependency */,
			);
			name = ReactNativeTests;
			productName = ReactNativeTests;
			productReference = 84429EAA1D81380500989C76 /* ReactNativeTests.xctest */;
			productType = "com.apple.product-type.bundle.unit-test";
		};
		84429EB41D81380500989C76 /* ReactNativeUITests */ = {
			isa = PBXNativeTarget;
			buildConfigurationList = 84429EC41D81380500989C76 /* Build configuration list for PBXNativeTarget "ReactNativeUITests" */;
			buildPhases = (
				84429EB11D81380500989C76 /* Sources */,
				84429EB21D81380500989C76 /* Frameworks */,
				84429EB31D81380500989C76 /* Resources */,
			);
			buildRules = (
			);
			dependencies = (
				84429EB71D81380500989C76 /* PBXTargetDependency */,
			);
			name = ReactNativeUITests;
			productName = ReactNativeUITests;
			productReference = 84429EB51D81380500989C76 /* ReactNativeUITests.xctest */;
			productType = "com.apple.product-type.bundle.ui-testing";
		};
/* End PBXNativeTarget section */

/* Begin PBXProject section */
		84429E891D81380500989C76 /* Project object */ = {
			isa = PBXProject;
			attributes = {
				LastUpgradeCheck = 0730;
				ORGANIZATIONNAME = AlezJi;
				TargetAttributes = {
					84429E901D81380500989C76 = {
						CreatedOnToolsVersion = 7.3.1;
					};
					84429EA91D81380500989C76 = {
						CreatedOnToolsVersion = 7.3.1;
						TestTargetID = 84429E901D81380500989C76;
					};
					84429EB41D81380500989C76 = {
						CreatedOnToolsVersion = 7.3.1;
						TestTargetID = 84429E901D81380500989C76;
					};
				};
			};
			buildConfigurationList = 84429E8C1D81380500989C76 /* Build configuration list for PBXProject "ReactNative" */;
			compatibilityVersion = "Xcode 3.2";
			developmentRegion = English;
			hasScannedForEncodings = 0;
			knownRegions = (
				en,
				Base,
			);
			mainGroup = 84429E881D81380500989C76;
			productRefGroup = 84429E921D81380500989C76 /* Products */;
			projectDirPath = "";
			projectRoot = "";
			targets = (
				84429E901D81380500989C76 /* ReactNative */,
				84429EA91D81380500989C76 /* ReactNativeTests */,
				84429EB41D81380500989C76 /* ReactNativeUITests */,
			);
		};
/* End PBXProject section */

/* Begin PBXResourcesBuildPhase section */
		84429E8F1D81380500989C76 /* Resources */ = {
			isa = PBXResourcesBuildPhase;
			buildActionMask = 2147483647;
			files = (
				84429EA41D81380500989C76 /* LaunchScreen.storyboard in Resources */,
				84429EA11D81380500989C76 /* Assets.xcassets in Resources */,
				84429E9F1D81380500989C76 /* Main.storyboard in Resources */,
			);
			runOnlyForDeploymentPostprocessing = 0;
		};
		84429EA81D81380500989C76 /* Resources */ = {
			isa = PBXResourcesBuildPhase;
			buildActionMask = 2147483647;
			files = (
			);
			runOnlyForDeploymentPostprocessing = 0;
		};
		84429EB31D81380500989C76 /* Resources */ = {
			isa = PBXResourcesBuildPhase;
			buildActionMask = 2147483647;
			files = (
			);
			runOnlyForDeploymentPostprocessing = 0;
		};
/* End PBXResourcesBuildPhase section */

/* Begin PBXShellScriptBuildPhase section */
		46E31FE25BE2A603EA388E1E /* [CP] Embed Pods Frameworks */ = {
			isa = PBXShellScriptBuildPhase;
			buildActionMask = 2147483647;
			files = (
			);
			inputPaths = (
			);
			name = "[CP] Embed Pods Frameworks";
			outputPaths = (
			);
			runOnlyForDeploymentPostprocessing = 0;
			shellPath = /bin/sh;
			shellScript = "\"${SRCROOT}/Pods/Target Support Files/Pods-ReactNative/Pods-ReactNative-frameworks.sh\"\n";
			showEnvVarsInLog = 0;
		};
		5FFCA898863D09B7434BA9FD /* [CP] Check Pods Manifest.lock */ = {
			isa = PBXShellScriptBuildPhase;
			buildActionMask = 2147483647;
			files = (
			);
			inputPaths = (
			);
			name = "[CP] Check Pods Manifest.lock";
			outputPaths = (
			);
			runOnlyForDeploymentPostprocessing = 0;
			shellPath = /bin/sh;
			shellScript = "diff \"${PODS_ROOT}/../Podfile.lock\" \"${PODS_ROOT}/Manifest.lock\" > /dev/null\nif [[ $? != 0 ]] ; then\n    cat << EOM\nerror: The sandbox is not in sync with the Podfile.lock. Run 'pod install' or update your CocoaPods installation.\nEOM\n    exit 1\nfi\n";
			showEnvVarsInLog = 0;
		};
		869E8496C1082CCE37806362 /* [CP] Copy Pods Resources */ = {
			isa = PBXShellScriptBuildPhase;
			buildActionMask = 2147483647;
			files = (
			);
			inputPaths = (
			);
			name = "[CP] Copy Pods Resources";
			outputPaths = (
			);
			runOnlyForDeploymentPostprocessing = 0;
			shellPath = /bin/sh;
			shellScript = "\"${SRCROOT}/Pods/Target Support Files/Pods-ReactNative/Pods-ReactNative-resources.sh\"\n";
			showEnvVarsInLog = 0;
		};
/* End PBXShellScriptBuildPhase section */

/* Begin PBXSourcesBuildPhase section */
		84429E8D1D81380500989C76 /* Sources */ = {
			isa = PBXSourcesBuildPhase;
			buildActionMask = 2147483647;
			files = (
				841149F01D83EF5E00F9DEF6 /* ReplaySubjectAppleViewModel.m in Sources */,
				841149DE1D83EC6400F9DEF6 /* RACReplaySubjectViewController.m in Sources */,
				84429E9C1D81380500989C76 /* ViewController.m in Sources */,
				841149ED1D83EF5200F9DEF6 /* ReplaySubjectAppleModel.m in Sources */,
				841149F31D83F0CA00F9DEF6 /* RACSubjectDelegateNextViewController.m in Sources */,
				84429ECB1D813DE100989C76 /* BaseViewController.m in Sources */,
				84429E991D81380500989C76 /* AppDelegate.m in Sources */,
				841149E11D83EC6F00F9DEF6 /* RACSubjectDelegateViewController.m in Sources */,
				841149DB1D83EC5400F9DEF6 /* RACSubjectViewController.m in Sources */,
				84429E961D81380500989C76 /* main.m in Sources */,
				841149EA1D83ED8800F9DEF6 /* SubjectPersonViewModel.m in Sources */,
				841149E71D83ED5700F9DEF6 /* SubjectPersonModel.m in Sources */,
			);
			runOnlyForDeploymentPostprocessing = 0;
		};
		84429EA61D81380500989C76 /* Sources */ = {
			isa = PBXSourcesBuildPhase;
			buildActionMask = 2147483647;
			files = (
				84429EAF1D81380500989C76 /* ReactNativeTests.m in Sources */,
			);
			runOnlyForDeploymentPostprocessing = 0;
		};
		84429EB11D81380500989C76 /* Sources */ = {
			isa = PBXSourcesBuildPhase;
			buildActionMask = 2147483647;
			files = (
				84429EBA1D81380500989C76 /* ReactNativeUITests.m in Sources */,
			);
			runOnlyForDeploymentPostprocessing = 0;
		};
/* End PBXSourcesBuildPhase section */

/* Begin PBXTargetDependency section */
		84429EAC1D81380500989C76 /* PBXTargetDependency */ = {
			isa = PBXTargetDependency;
			target = 84429E901D81380500989C76 /* ReactNative */;
			targetProxy = 84429EAB1D81380500989C76 /* PBXContainerItemProxy */;
		};
		84429EB71D81380500989C76 /* PBXTargetDependency */ = {
			isa = PBXTargetDependency;
			target = 84429E901D81380500989C76 /* ReactNative */;
			targetProxy = 84429EB61D81380500989C76 /* PBXContainerItemProxy */;
		};
/* End PBXTargetDependency section */

/* Begin PBXVariantGroup section */
		84429E9D1D81380500989C76 /* Main.storyboard */ = {
			isa = PBXVariantGroup;
			children = (
				84429E9E1D81380500989C76 /* Base */,
			);
			name = Main.storyboard;
			sourceTree = "<group>";
		};
		84429EA21D81380500989C76 /* LaunchScreen.storyboard */ = {
			isa = PBXVariantGroup;
			children = (
				84429EA31D81380500989C76 /* Base */,
			);
			name = LaunchScreen.storyboard;
			sourceTree = "<group>";
		};
/* End PBXVariantGroup section */

/* Begin XCBuildConfiguration section */
		84429EBC1D81380500989C76 /* Debug */ = {
			isa = XCBuildConfiguration;
			buildSettings = {
				ALWAYS_SEARCH_USER_PATHS = NO;
				CLANG_ANALYZER_NONNULL = YES;
				CLANG_CXX_LANGUAGE_STANDARD = "gnu++0x";
				CLANG_CXX_LIBRARY = "libc++";
				CLANG_ENABLE_MODULES = YES;
				CLANG_ENABLE_OBJC_ARC = YES;
				CLANG_WARN_BOOL_CONVERSION = YES;
				CLANG_WARN_CONSTANT_CONVERSION = YES;
				CLANG_WARN_DIRECT_OBJC_ISA_USAGE = YES_ERROR;
				CLANG_WARN_EMPTY_BODY = YES;
				CLANG_WARN_ENUM_CONVERSION = YES;
				CLANG_WARN_INT_CONVERSION = YES;
				CLANG_WARN_OBJC_ROOT_CLASS = YES_ERROR;
				CLANG_WARN_UNREACHABLE_CODE = YES;
				CLANG_WARN__DUPLICATE_METHOD_MATCH = YES;
				"CODE_SIGN_IDENTITY[sdk=iphoneos*]" = "iPhone Developer";
				COPY_PHASE_STRIP = NO;
				DEBUG_INFORMATION_FORMAT = dwarf;
				ENABLE_STRICT_OBJC_MSGSEND = YES;
				ENABLE_TESTABILITY = YES;
				GCC_C_LANGUAGE_STANDARD = gnu99;
				GCC_DYNAMIC_NO_PIC = NO;
				GCC_NO_COMMON_BLOCKS = YES;
				GCC_OPTIMIZATION_LEVEL = 0;
				GCC_PREPROCESSOR_DEFINITIONS = (
					"DEBUG=1",
					"$(inherited)",
				);
				GCC_WARN_64_TO_32_BIT_CONVERSION = YES;
				GCC_WARN_ABOUT_RETURN_TYPE = YES_ERROR;
				GCC_WARN_UNDECLARED_SELECTOR = YES;
				GCC_WARN_UNINITIALIZED_AUTOS = YES_AGGRESSIVE;
				GCC_WARN_UNUSED_FUNCTION = YES;
				GCC_WARN_UNUSED_VARIABLE = YES;
				IPHONEOS_DEPLOYMENT_TARGET = 9.3;
				MTL_ENABLE_DEBUG_INFO = YES;
				ONLY_ACTIVE_ARCH = YES;
				SDKROOT = iphoneos;
			};
			name = Debug;
		};
		84429EBD1D81380500989C76 /* Release */ = {
			isa = XCBuildConfiguration;
			buildSettings = {
				ALWAYS_SEARCH_USER_PATHS = NO;
				CLANG_ANALYZER_NONNULL = YES;
				CLANG_CXX_LANGUAGE_STANDARD = "gnu++0x";
				CLANG_CXX_LIBRARY = "libc++";
				CLANG_ENABLE_MODULES = YES;
				CLANG_ENABLE_OBJC_ARC = YES;
				CLANG_WARN_BOOL_CONVERSION = YES;
				CLANG_WARN_CONSTANT_CONVERSION = YES;
				CLANG_WARN_DIRECT_OBJC_ISA_USAGE = YES_ERROR;
				CLANG_WARN_EMPTY_BODY = YES;
				CLANG_WARN_ENUM_CONVERSION = YES;
				CLANG_WARN_INT_CONVERSION = YES;
				CLANG_WARN_OBJC_ROOT_CLASS = YES_ERROR;
				CLANG_WARN_UNREACHABLE_CODE = YES;
				CLANG_WARN__DUPLICATE_METHOD_MATCH = YES;
				"CODE_SIGN_IDENTITY[sdk=iphoneos*]" = "iPhone Developer";
				COPY_PHASE_STRIP = NO;
				DEBUG_INFORMATION_FORMAT = "dwarf-with-dsym";
				ENABLE_NS_ASSERTIONS = NO;
				ENABLE_STRICT_OBJC_MSGSEND = YES;
				GCC_C_LANGUAGE_STANDARD = gnu99;
				GCC_NO_COMMON_BLOCKS = YES;
				GCC_WARN_64_TO_32_BIT_CONVERSION = YES;
				GCC_WARN_ABOUT_RETURN_TYPE = YES_ERROR;
				GCC_WARN_UNDECLARED_SELECTOR = YES;
				GCC_WARN_UNINITIALIZED_AUTOS = YES_AGGRESSIVE;
				GCC_WARN_UNUSED_FUNCTION = YES;
				GCC_WARN_UNUSED_VARIABLE = YES;
				IPHONEOS_DEPLOYMENT_TARGET = 9.3;
				MTL_ENABLE_DEBUG_INFO = NO;
				SDKROOT = iphoneos;
				VALIDATE_PRODUCT = YES;
			};
			name = Release;
		};
		84429EBF1D81380500989C76 /* Debug */ = {
			isa = XCBuildConfiguration;
			baseConfigurationReference = B6BD4FA775DA200D3352B960 /* Pods-ReactNative.debug.xcconfig */;
			buildSettings = {
				ASSETCATALOG_COMPILER_APPICON_NAME = AppIcon;
				INFOPLIST_FILE = ReactNative/Info.plist;
				LD_RUNPATH_SEARCH_PATHS = "$(inherited) @executable_path/Frameworks";
				PRODUCT_BUNDLE_IDENTIFIER = AlezJI.ReactNative;
				PRODUCT_NAME = "$(TARGET_NAME)";
			};
			name = Debug;
		};
		84429EC01D81380500989C76 /* Release */ = {
			isa = XCBuildConfiguration;
			baseConfigurationReference = 67D3AC2BF68C630FBA8559DE /* Pods-ReactNative.release.xcconfig */;
			buildSettings = {
				ASSETCATALOG_COMPILER_APPICON_NAME = AppIcon;
				INFOPLIST_FILE = ReactNative/Info.plist;
				LD_RUNPATH_SEARCH_PATHS = "$(inherited) @executable_path/Frameworks";
				PRODUCT_BUNDLE_IDENTIFIER = AlezJI.ReactNative;
				PRODUCT_NAME = "$(TARGET_NAME)";
			};
			name = Release;
		};
		84429EC21D81380500989C76 /* Debug */ = {
			isa = XCBuildConfiguration;
			buildSettings = {
				BUNDLE_LOADER = "$(TEST_HOST)";
				INFOPLIST_FILE = ReactNativeTests/Info.plist;
				LD_RUNPATH_SEARCH_PATHS = "$(inherited) @executable_path/Frameworks @loader_path/Frameworks";
				PRODUCT_BUNDLE_IDENTIFIER = AlezJI.ReactNativeTests;
				PRODUCT_NAME = "$(TARGET_NAME)";
				TEST_HOST = "$(BUILT_PRODUCTS_DIR)/ReactNative.app/ReactNative";
			};
			name = Debug;
		};
		84429EC31D81380500989C76 /* Release */ = {
			isa = XCBuildConfiguration;
			buildSettings = {
				BUNDLE_LOADER = "$(TEST_HOST)";
				INFOPLIST_FILE = ReactNativeTests/Info.plist;
				LD_RUNPATH_SEARCH_PATHS = "$(inherited) @executable_path/Frameworks @loader_path/Frameworks";
				PRODUCT_BUNDLE_IDENTIFIER = AlezJI.ReactNativeTests;
				PRODUCT_NAME = "$(TARGET_NAME)";
				TEST_HOST = "$(BUILT_PRODUCTS_DIR)/ReactNative.app/ReactNative";
			};
			name = Release;
		};
		84429EC51D81380500989C76 /* Debug */ = {
			isa = XCBuildConfiguration;
			buildSettings = {
				INFOPLIST_FILE = ReactNativeUITests/Info.plist;
				LD_RUNPATH_SEARCH_PATHS = "$(inherited) @executable_path/Frameworks @loader_path/Frameworks";
				PRODUCT_BUNDLE_IDENTIFIER = AlezJI.ReactNativeUITests;
				PRODUCT_NAME = "$(TARGET_NAME)";
				TEST_TARGET_NAME = ReactNative;
			};
			name = Debug;
		};
		84429EC61D81380500989C76 /* Release */ = {
			isa = XCBuildConfiguration;
			buildSettings = {
				INFOPLIST_FILE = ReactNativeUITests/Info.plist;
				LD_RUNPATH_SEARCH_PATHS = "$(inherited) @executable_path/Frameworks @loader_path/Frameworks";
				PRODUCT_BUNDLE_IDENTIFIER = AlezJI.ReactNativeUITests;
				PRODUCT_NAME = "$(TARGET_NAME)";
				TEST_TARGET_NAME = ReactNative;
			};
			name = Release;
		};
/* End XCBuildConfiguration section */

/* Begin XCConfigurationList section */
		84429E8C1D81380500989C76 /* Build configuration list for PBXProject "ReactNative" */ = {
			isa = XCConfigurationList;
			buildConfigurations = (
				84429EBC1D81380500989C76 /* Debug */,
				84429EBD1D81380500989C76 /* Release */,
			);
			defaultConfigurationIsVisible = 0;
			defaultConfigurationName = Release;
		};
		84429EBE1D81380500989C76 /* Build configuration list for PBXNativeTarget "ReactNative" */ = {
			isa = XCConfigurationList;
			buildConfigurations = (
				84429EBF1D81380500989C76 /* Debug */,
				84429EC01D81380500989C76 /* Release */,
			);
			defaultConfigurationIsVisible = 0;
			defaultConfigurationName = Release;
		};
		84429EC11D81380500989C76 /* Build configuration list for PBXNativeTarget "ReactNativeTests" */ = {
			isa = XCConfigurationList;
			buildConfigurations = (
				84429EC21D81380500989C76 /* Debug */,
				84429EC31D81380500989C76 /* Release */,
			);
			defaultConfigurationIsVisible = 0;
			defaultConfigurationName = Release;
		};
		84429EC41D81380500989C76 /* Build configuration list for PBXNativeTarget "ReactNativeUITests" */ = {
			isa = XCConfigurationList;
			buildConfigurations = (
				84429EC51D81380500989C76 /* Debug */,
				84429EC61D81380500989C76 /* Release */,
			);
			defaultConfigurationIsVisible = 0;
			defaultConfigurationName = Release;
		};
/* End XCConfigurationList section */
	};
	rootObject = 84429E891D81380500989C76 /* Project object */;
}
